
Microsoft Visual Studio Solution File, Format Version 12.00
# Visual Studio Version 17
VisualStudioVersion = 17.14.36109.1 d17.14
MinimumVisualStudioVersion = 10.0.40219.1
Project("{FAE04EC0-301F-11D3-BF4B-00C04F79EFBC}") = "MAUIWorkShop", "MAUIWorkShop\MAUIWorkShop.csproj", "{6F485DD4-5374-4D58-B6B3-5EA13E7DE6DE}"
EndProject
Global
	GlobalSection(SolutionConfigurationPlatforms) = preSolution
		Debug|Any CPU = Debug|Any CPU
		Release|Any CPU = Release|Any CPU
	EndGlobalSection
	GlobalSection(ProjectConfigurationPlatforms) = postSolution
		{6F485DD4-5374-4D58-B6B3-5EA13E7DE6DE}.Debug|Any CPU.ActiveCfg = Debug|Any CPU
		{6F485DD4-5374-4D58-B6B3-5EA13E7DE6DE}.Debug|Any CPU.Build.0 = Debug|Any CPU
		{6F485DD4-5374-4D58-B6B3-5EA13E7DE6DE}.Release|Any CPU.ActiveCfg = Release|Any CPU
		{6F485DD4-5374-4D58-B6B3-5EA13E7DE6DE}.Release|Any CPU.Build.0 = Release|Any CPU
	EndGlobalSection
	GlobalSection(SolutionProperties) = preSolution
		HideSolutionNode = FALSE
	EndGlobalSection
	GlobalSection(ExtensibilityGlobals) = postSolution
		SolutionGuid = {4CBD1A2D-AAB7-4DA7-89CD-7EF2587FCBD7}
	EndGlobalSection
EndGlobal
